# This file is autogenerated, do not edit; changes may be undone by the next 'dep ensure'.


[[projects]]
  name = "github.com/cloudflare/cloudflare-go"
  packages = ["."]
  revision = "da8999bdb24a34c4a82a119d184f8336a979b215"
  version = "v0.8.4"

[[projects]]
  branch = "master"
  name = "github.com/jasonlvhit/gocron"
  packages = ["."]
  revision = "54194c9749d48b073c9aeb2c787b6882e95dd0cd"

[[projects]]
  name = "github.com/pkg/errors"
  packages = ["."]
  revision = "645ef00459ed84a119197bfb8d8205042c6df63d"
  version = "v0.8.0"

[[projects]]
  name = "github.com/sirupsen/logrus"
  packages = ["."]
  revision = "418b41d23a1bf978c06faea5313ba194650ac088"
  version = "v0.8.7"

[solve-meta]
  analyzer-name = "dep"
  analyzer-version = 1
  inputs-digest = "ea8fac6ef0ff3fc9042b4f1f9f6c6846423f3cf254774fa34ca08e25b396e5f5"
  solver-name = "gps-cdcl"
  solver-version = 1
